<?xml version="1.0" encoding="utf-8"?>
<Project ToolsVersion="4.0" xmlns="http://schemas.microsoft.com/developer/msbuild/2003">
  <ItemGroup>
    <Filter Include="Source Files">
      <UniqueIdentifier>{4FC737F1-C7A5-4376-A066-2A32D752A2FF}</UniqueIdentifier>
      <Extensions>cpp;c;cc;cxx;def;odl;idl;hpj;bat;asm;asmx</Extensions>
    </Filter>
    <Filter Include="Header Files">
      <UniqueIdentifier>{93995380-89BD-4b04-88EB-625FBE52EBFB}</UniqueIdentifier>
      <Extensions>h;hh;hpp;hxx;hm;inl;inc;ipp;xsd</Extensions>
    </Filter>
    <Filter Include="Resource Files">
      <UniqueIdentifier>{67DA6AB6-F800-4c08-8B7A-83BB121AAD01}</UniqueIdentifier>
      <Extensions>rc;ico;cur;bmp;dlg;rc2;rct;bin;rgs;gif;jpg;jpeg;jpe;resx;tiff;tif;png;wav;mfcribbon-ms</Extensions>
    </Filter>
    <Filter Include="Header Files\Objects">
      <UniqueIdentifier>{9f0817af-c43a-4059-afae-c87332f8e054}</UniqueIdentifier>
    </Filter>
    <Filter Include="Header Files\System">
      <UniqueIdentifier>{5b5e6956-5021-457c-ba99-5bb00c5a07b9}</UniqueIdentifier>
    </Filter>
    <Filter Include="Source Files\Collision">
      <UniqueIdentifier>{c97d323a-76e4-42de-88ce-4ed5cc3e4061}</UniqueIdentifier>
    </Filter>
    <Filter Include="Source Files\System">
      <UniqueIdentifier>{3a4ad5c9-2dc7-4085-95a3-99df4030d158}</UniqueIdentifier>
    </Filter>
    <Filter Include="Header Files\FSM">
      <UniqueIdentifier>{d390b327-516c-4e73-90ee-89ca7ee05910}</UniqueIdentifier>
    </Filter>
    <Filter Include="Source Files\FSM">
      <UniqueIdentifier>{16b050ab-277d-42ee-b1f9-77fde40c8081}</UniqueIdentifier>
    </Filter>
    <Filter Include="Header Files\Sound">
      <UniqueIdentifier>{f448b666-ca43-40d7-9104-7507507045e5}</UniqueIdentifier>
    </Filter>
    <Filter Include="Source Files\Sound">
      <UniqueIdentifier>{360d7a9b-24fa-4432-bfe9-61ea1c7f3db1}</UniqueIdentifier>
    </Filter>
    <Filter Include="Header Files\Sprites">
      <UniqueIdentifier>{f7429ad0-dd8b-4c73-8f47-5ec99fc6c34c}</UniqueIdentifier>
    </Filter>
    <Filter Include="Source Files\Sprites">
      <UniqueIdentifier>{51b319e5-04b8-4b47-8acd-eaf11d0f12ba}</UniqueIdentifier>
    </Filter>
    <Filter Include="Header Files\Input">
      <UniqueIdentifier>{9e220660-b87a-4e28-8374-b9bc0147455f}</UniqueIdentifier>
    </Filter>
    <Filter Include="Source Files\Input">
      <UniqueIdentifier>{956312c7-086f-4d80-b504-7b2dc4668316}</UniqueIdentifier>
    </Filter>
    <Filter Include="Source Files\States">
      <UniqueIdentifier>{3dfa7411-1e1c-4d9a-aad2-508d04829c7a}</UniqueIdentifier>
    </Filter>
    <Filter Include="Header Files\States">
      <UniqueIdentifier>{a37c8ed3-9040-4113-8003-ec6bfa8149b3}</UniqueIdentifier>
    </Filter>
    <Filter Include="Source Files\Objects">
      <UniqueIdentifier>{aa99b0b0-1467-4209-aa1c-e923a4276578}</UniqueIdentifier>
    </Filter>
    <Filter Include="Header Files\Objects\Characters">
      <UniqueIdentifier>{1600d110-5a8a-49ba-85f4-473db52166d9}</UniqueIdentifier>
    </Filter>
    <Filter Include="Header Files\Objects\Items">
      <UniqueIdentifier>{a2b65268-6b3a-4379-9a18-48b926ec8b3c}</UniqueIdentifier>
    </Filter>
    <Filter Include="Source Files\Objects\Characters">
      <UniqueIdentifier>{e90eca5c-1c92-47bd-b176-4c8fad69377f}</UniqueIdentifier>
    </Filter>
    <Filter Include="Header Files\WorldGen">
      <UniqueIdentifier>{b76440a7-4af9-49ca-8336-669838873200}</UniqueIdentifier>
    </Filter>
    <Filter Include="Header Files\Objects\Terrain">
      <UniqueIdentifier>{d8d20fc8-f286-420f-8985-51ec440db484}</UniqueIdentifier>
    </Filter>
    <Filter Include="Source Files\Objects\Terrain">
      <UniqueIdentifier>{7166650d-2354-4525-8a41-97c3b41ed818}</UniqueIdentifier>
    </Filter>
    <Filter Include="Source Files\WorldGen">
      <UniqueIdentifier>{d6b6ca35-c35f-4f1c-9049-3d7fbfc08294}</UniqueIdentifier>
    </Filter>
    <Filter Include="Header Files\Collision">
      <UniqueIdentifier>{578d32ff-89b2-48c6-b871-62859f46b6fa}</UniqueIdentifier>
    </Filter>
    <Filter Include="Source Files\Objects\Items">
      <UniqueIdentifier>{941002a8-5d47-4d17-8abf-0c436129a322}</UniqueIdentifier>
    </Filter>
    <Filter Include="Header Files\UI">
      <UniqueIdentifier>{d0ba7ae5-8bf8-412c-bc39-718c87ff6a6c}</UniqueIdentifier>
    </Filter>
    <Filter Include="Source Files\UI">
      <UniqueIdentifier>{df364338-13e8-42ec-9b67-72079ec93f24}</UniqueIdentifier>
    </Filter>
  </ItemGroup>
  <ItemGroup>
    <ClCompile Include="CollisionManager.cpp">
      <Filter>Source Files\Collision</Filter>
    </ClCompile>
    <ClCompile Include="Collider.cpp">
      <Filter>Source Files\Collision</Filter>
    </ClCompile>
    <ClCompile Include="SystemManager.cpp">
      <Filter>Source Files\System</Filter>
    </ClCompile>
    <ClCompile Include="FSM.cpp">
      <Filter>Source Files\FSM</Filter>
    </ClCompile>
    <ClCompile Include="Sprite.cpp">
      <Filter>Source Files\Sprites</Filter>
    </ClCompile>
    <ClCompile Include="SpriteManager.cpp">
      <Filter>Source Files\Sprites</Filter>
    </ClCompile>
    <ClCompile Include="InputManager.cpp">
      <Filter>Source Files\Input</Filter>
    </ClCompile>
    <ClCompile Include="main.cpp">
      <Filter>Source Files</Filter>
    </ClCompile>
    <ClCompile Include="KeyStrokes.cpp">
      <Filter>Source Files\Input</Filter>
    </ClCompile>
    <ClCompile Include="MainMenu.cpp">
      <Filter>Source Files\States</Filter>
    </ClCompile>
    <ClCompile Include="Animation.cpp">
      <Filter>Source Files\Sprites</Filter>
    </ClCompile>
    <ClCompile Include="AudioManager.cpp">
      <Filter>Source Files\Sound</Filter>
    </ClCompile>
    <ClCompile Include="Game.cpp">
      <Filter>Source Files\States</Filter>
    </ClCompile>
    <ClCompile Include="Player.cpp">
      <Filter>Source Files\Objects\Characters</Filter>
    </ClCompile>
    <ClCompile Include="Tile.cpp">
      <Filter>Source Files\Objects\Terrain</Filter>
    </ClCompile>
    <ClCompile Include="Level.cpp">
      <Filter>Source Files\WorldGen</Filter>
    </ClCompile>
    <ClCompile Include="Enemy.cpp">
      <Filter>Source Files\Objects\Characters</Filter>
    </ClCompile>
    <ClCompile Include="WorldManager.cpp">
      <Filter>Source Files\WorldGen</Filter>
    </ClCompile>
    <ClCompile Include="OldMan.cpp">
      <Filter>Source Files\Objects\Characters</Filter>
    </ClCompile>
    <ClCompile Include="Fire.cpp">
      <Filter>Source Files\Objects\Terrain</Filter>
    </ClCompile>
    <ClCompile Include="Sword.cpp">
      <Filter>Source Files\Objects\Items</Filter>
    </ClCompile>
    <ClCompile Include="UserInterface.cpp">
      <Filter>Source Files\UI</Filter>
    </ClCompile>
    <ClCompile Include="EnemyProjectile.cpp">
      <Filter>Source Files\Objects\Items</Filter>
    </ClCompile>
    <ClCompile Include="Death.cpp">
      <Filter>Source Files\States</Filter>
    </ClCompile>
  </ItemGroup>
  <ItemGroup>
    <ClInclude Include="SystemManager.h">
      <Filter>Header Files\System</Filter>
    </ClInclude>
    <ClInclude Include="Service.h">
      <Filter>Header Files\System</Filter>
    </ClInclude>
    <ClInclude Include="Collider.h">
      <Filter>Header Files\Collision</Filter>
    </ClInclude>
    <ClInclude Include="CollisionManager.h">
      <Filter>Header Files\Collision</Filter>
    </ClInclude>
    <ClInclude Include="GameObject.h">
      <Filter>Header Files\Objects</Filter>
    </ClInclude>
    <ClInclude Include="FSM.h">
      <Filter>Header Files\FSM</Filter>
    </ClInclude>
    <ClInclude Include="Sprite.h">
      <Filter>Header Files\Sprites</Filter>
    </ClInclude>
    <ClInclude Include="SpriteManager.h">
      <Filter>Header Files\Sprites</Filter>
    </ClInclude>
    <ClInclude Include="InputManager.h">
      <Filter>Header Files\Input</Filter>
    </ClInclude>
    <ClInclude Include="KeyStrokes.h">
      <Filter>Header Files\Input</Filter>
    </ClInclude>
    <ClInclude Include="Config.h">
      <Filter>Header Files</Filter>
    </ClInclude>
    <ClInclude Include="MainMenu.h">
      <Filter>Header Files\States</Filter>
    </ClInclude>
    <ClInclude Include="Animation.h">
      <Filter>Header Files\Sprites</Filter>
    </ClInclude>
    <ClInclude Include="ErrorLogger.h">
      <Filter>Header Files\System</Filter>
    </ClInclude>
    <ClInclude Include="AudioManager.h">
      <Filter>Header Files\Sound</Filter>
    </ClInclude>
    <ClInclude Include="Game.h">
      <Filter>Header Files\States</Filter>
    </ClInclude>
    <ClInclude Include="Player.h">
      <Filter>Header Files\Objects\Characters</Filter>
    </ClInclude>
    <ClInclude Include="Sword.h">
      <Filter>Header Files\Objects\Items</Filter>
    </ClInclude>
    <ClInclude Include="Level.h">
      <Filter>Header Files\WorldGen</Filter>
    </ClInclude>
    <ClInclude Include="Tile.h">
      <Filter>Header Files\Objects\Terrain</Filter>
    </ClInclude>
    <ClInclude Include="Enemy.h">
      <Filter>Header Files\Objects\Characters</Filter>
    </ClInclude>
    <ClInclude Include="WorldManager.h">
      <Filter>Header Files\WorldGen</Filter>
    </ClInclude>
    <ClInclude Include="OldMan.h">
      <Filter>Header Files\Objects\Characters</Filter>
    </ClInclude>
    <ClInclude Include="Fire.h">
      <Filter>Header Files\Objects\Terrain</Filter>
    </ClInclude>
    <ClInclude Include="UserInterface.h">
      <Filter>Header Files\UI</Filter>
    </ClInclude>
    <ClInclude Include="EnemyProjectile.h">
      <Filter>Header Files\Objects\Items</Filter>
    </ClInclude>
    <ClInclude Include="Death.h">
      <Filter>Header Files\States</Filter>
    </ClInclude>
  </ItemGroup>
</Project>